
Microsoft Visual Studio Solution File, Format Version 12.00
# Visual Studio 15
VisualStudioVersion = 15.0.26403.7
MinimumVisualStudioVersion = 10.0.40219.1
Project("{FAE04EC0-301F-11D3-BF4B-00C04F79EFBC}") = "PageObjects", "PageObjects\PageObjects.csproj", "{B3F7AD96-1C53-429F-BC72-02D51D54ADAA}"
EndProject
Global
	GlobalSection(SolutionConfigurationPlatforms) = preSolution
		Debug|Any CPU = Debug|Any CPU
		Release|Any CPU = Release|Any CPU
	EndGlobalSection
	GlobalSection(ProjectConfigurationPlatforms) = postSolution
		{B3F7AD96-1C53-429F-BC72-02D51D54ADAA}.Debug|Any CPU.ActiveCfg = Debug|Any CPU
		{B3F7AD96-1C53-429F-BC72-02D51D54ADAA}.Debug|Any CPU.Build.0 = Debug|Any CPU
		{B3F7AD96-1C53-429F-BC72-02D51D54ADAA}.Release|Any CPU.ActiveCfg = Release|Any CPU
		{B3F7AD96-1C53-429F-BC72-02D51D54ADAA}.Release|Any CPU.Build.0 = Release|Any CPU
	EndGlobalSection
	GlobalSection(SolutionProperties) = preSolution
		HideSolutionNode = FALSE
	EndGlobalSection
EndGlobal
